PODS:
  - Facila (0.0.1)

DEPENDENCIES:
  - Facila (from `https://github.com/wikia-gregor/Facila.git`, tag `0.0.1`)

EXTERNAL SOURCES:
  Facila:
    :git: https://github.com/wikia-gregor/Facila.git
    :tag: 0.0.1

SPEC CHECKSUMS:
  Facila: 003800f1ab2a18ad341bd6bce36d30e57ca093d5

COCOAPODS: 0.29.0
